
Microsoft Visual Studio Solution File, Format Version 12.00
# Visual Studio 14
VisualStudioVersion = 14.0.25420.1
MinimumVisualStudioVersion = 10.0.40219.1
Project("{FAE04EC0-301F-11D3-BF4B-00C04F79EFBC}") = "TesteAppVeyor", "TesteAppVeyor\TesteAppVeyor.csproj", "{448A5C74-B2D1-4074-AB01-62F9D6AF65A5}"
EndProject
Project("{FAE04EC0-301F-11D3-BF4B-00C04F79EFBC}") = "TesteAppVeyor.Tests", "TesteAppVeyor.Tests\TesteAppVeyor.Tests.csproj", "{864E283F-A423-4551-BBED-CC511B214577}"
EndProject
Global
	GlobalSection(SolutionConfigurationPlatforms) = preSolution
		Debug|Any CPU = Debug|Any CPU
		Release|Any CPU = Release|Any CPU
	EndGlobalSection
	GlobalSection(ProjectConfigurationPlatforms) = postSolution
		{448A5C74-B2D1-4074-AB01-62F9D6AF65A5}.Debug|Any CPU.ActiveCfg = Debug|Any CPU
		{448A5C74-B2D1-4074-AB01-62F9D6AF65A5}.Debug|Any CPU.Build.0 = Debug|Any CPU
		{448A5C74-B2D1-4074-AB01-62F9D6AF65A5}.Release|Any CPU.ActiveCfg = Release|Any CPU
		{448A5C74-B2D1-4074-AB01-62F9D6AF65A5}.Release|Any CPU.Build.0 = Release|Any CPU
		{864E283F-A423-4551-BBED-CC511B214577}.Debug|Any CPU.ActiveCfg = Debug|Any CPU
		{864E283F-A423-4551-BBED-CC511B214577}.Debug|Any CPU.Build.0 = Debug|Any CPU
		{864E283F-A423-4551-BBED-CC511B214577}.Release|Any CPU.ActiveCfg = Release|Any CPU
		{864E283F-A423-4551-BBED-CC511B214577}.Release|Any CPU.Build.0 = Release|Any CPU
	EndGlobalSection
	GlobalSection(SolutionProperties) = preSolution
		HideSolutionNode = FALSE
	EndGlobalSection
EndGlobal
